
Microsoft Visual Studio Solution File, Format Version 12.00
# Visual Studio Version 17
VisualStudioVersion = 17.3.32819.101
MinimumVisualStudioVersion = 10.0.40219.1
Project("{FAE04EC0-301F-11D3-BF4B-00C04F79EFBC}") = "Not ortalama hesaplama", "Not ortalama hesaplama\Not ortalama hesaplama.csproj", "{696906DF-66E5-4003-B822-976E39796A5F}"
EndProject
Global
	GlobalSection(SolutionConfigurationPlatforms) = preSolution
		Debug|Any CPU = Debug|Any CPU
		Release|Any CPU = Release|Any CPU
	EndGlobalSection
	GlobalSection(ProjectConfigurationPlatforms) = postSolution
		{696906DF-66E5-4003-B822-976E39796A5F}.Debug|Any CPU.ActiveCfg = Debug|Any CPU
		{696906DF-66E5-4003-B822-976E39796A5F}.Debug|Any CPU.Build.0 = Debug|Any CPU
		{696906DF-66E5-4003-B822-976E39796A5F}.Release|Any CPU.ActiveCfg = Release|Any CPU
		{696906DF-66E5-4003-B822-976E39796A5F}.Release|Any CPU.Build.0 = Release|Any CPU
	EndGlobalSection
	GlobalSection(SolutionProperties) = preSolution
		HideSolutionNode = FALSE
	EndGlobalSection
	GlobalSection(ExtensibilityGlobals) = postSolution
		SolutionGuid = {6D19D7D0-395A-4CF1-B486-3F4162F1C03B}
	EndGlobalSection
EndGlobal
